
Microsoft Visual Studio Solution File, Format Version 12.00
# Visual Studio Version 17
VisualStudioVersion = 17.4.33213.308
MinimumVisualStudioVersion = 10.0.40219.1
Project("{FAE04EC0-301F-11D3-BF4B-00C04F79EFBC}") = "ExamencitoJSVE", "ExamencitoJSVE.csproj", "{C4B40BB1-C4DD-497E-B247-69FD067D3441}"
EndProject
Global
	GlobalSection(SolutionConfigurationPlatforms) = preSolution
		Debug|Any CPU = Debug|Any CPU
		Release|Any CPU = Release|Any CPU
	EndGlobalSection
	GlobalSection(ProjectConfigurationPlatforms) = postSolution
		{C4B40BB1-C4DD-497E-B247-69FD067D3441}.Debug|Any CPU.ActiveCfg = Debug|Any CPU
		{C4B40BB1-C4DD-497E-B247-69FD067D3441}.Debug|Any CPU.Build.0 = Debug|Any CPU
		{C4B40BB1-C4DD-497E-B247-69FD067D3441}.Release|Any CPU.ActiveCfg = Release|Any CPU
		{C4B40BB1-C4DD-497E-B247-69FD067D3441}.Release|Any CPU.Build.0 = Release|Any CPU
	EndGlobalSection
	GlobalSection(SolutionProperties) = preSolution
		HideSolutionNode = FALSE
	EndGlobalSection
	GlobalSection(ExtensibilityGlobals) = postSolution
		SolutionGuid = {9EC8983A-9095-49F2-900D-78F2E62979F8}
	EndGlobalSection
EndGlobal
